
Microsoft Visual Studio Solution File, Format Version 12.00
# Visual Studio 15
VisualStudioVersion = 15.0.26124.0
MinimumVisualStudioVersion = 15.0.26124.0
Project("{FAE04EC0-301F-11D3-BF4B-00C04F79EFBC}") = "NDecred.Core", "NDecred.Core\NDecred.Core.csproj", "{254B5F1F-5E8B-4C77-8FAE-796526B07CD9}"
EndProject
Project("{FAE04EC0-301F-11D3-BF4B-00C04F79EFBC}") = "NDecred.Core.Tests", "NDecred.Core.Tests\NDecred.Core.Tests.csproj", "{B2A04458-C24A-4F27-A123-A68629CF0B12}"
EndProject
Project("{FAE04EC0-301F-11D3-BF4B-00C04F79EFBC}") = "BlakeSharp", "BlakeSharp\BlakeSharp.csproj", "{4B26510B-A831-43D1-A915-5D1F36D6F522}"
EndProject
Project("{2150E333-8FDC-42A3-9474-1A3956D46DE8}") = "Tests", "Tests", "{FCDBED91-2C54-4776-88A7-16C90CE71C27}"
EndProject
Project("{FAE04EC0-301F-11D3-BF4B-00C04F79EFBC}") = "NDecred.Common", "NDecred.Common\NDecred.Common.csproj", "{5202A495-EFE7-4642-9848-37E8BB4A56B8}"
EndProject
Project("{FAE04EC0-301F-11D3-BF4B-00C04F79EFBC}") = "NDecred.Cryptography", "NDecred.Cryptography\NDecred.Cryptography.csproj", "{D0B5DDAC-3093-4CEB-867E-CF095C81BFD4}"
EndProject
Project("{FAE04EC0-301F-11D3-BF4B-00C04F79EFBC}") = "NDecred.Cryptography.Tests", "NDecred.Cryptography.Tests\NDecred.Cryptography.Tests.csproj", "{EA50339B-A895-4AF1-B75A-5D9435D7171D}"
EndProject
Project("{FAE04EC0-301F-11D3-BF4B-00C04F79EFBC}") = "NDecred.Wire", "NDecred.Wire\NDecred.Wire.csproj", "{45E81B62-8910-4237-A6C0-84EE3DD5C950}"
EndProject
Project("{FAE04EC0-301F-11D3-BF4B-00C04F79EFBC}") = "NDecred.Wire.Tests", "NDecred.Wire.Tests\NDecred.Wire.Tests.csproj", "{2222FFD2-941B-4279-9EE4-527BAF88DA73}"
EndProject
Project("{FAE04EC0-301F-11D3-BF4B-00C04F79EFBC}") = "NDecred.Blockchain", "NDecred.Blockchain\NDecred.Blockchain.csproj", "{B1B1CA21-21B1-4858-A334-46B727D842C0}"
EndProject
Project("{FAE04EC0-301F-11D3-BF4B-00C04F79EFBC}") = "NDecred.Blockchain.Tests", "NDecred.Blockchain.Tests\NDecred.Blockchain.Tests.csproj", "{40AF12B1-50A9-4BDF-9F60-0985FF5F3457}"
EndProject
Project("{FAE04EC0-301F-11D3-BF4B-00C04F79EFBC}") = "NDecred.TxScript", "NDecred.TxScript\NDecred.TxScript.csproj", "{409A4B4F-C264-4190-B42F-136573A03721}"
EndProject
Project("{FAE04EC0-301F-11D3-BF4B-00C04F79EFBC}") = "NDecred.TxScript.Tests", "NDecred.TxScript.Tests\NDecred.TxScript.Tests.csproj", "{11BA0282-C2E0-43B4-928C-553AA3157D69}"
EndProject
Project("{2150E333-8FDC-42A3-9474-1A3956D46DE8}") = "Bridge", "Bridge", "{F865B701-C542-440F-9D58-B84F6176C7FD}"
EndProject
Global
	GlobalSection(SolutionConfigurationPlatforms) = preSolution
		Debug|Any CPU = Debug|Any CPU
		Debug|x64 = Debug|x64
		Debug|x86 = Debug|x86
		Release|Any CPU = Release|Any CPU
		Release|x64 = Release|x64
		Release|x86 = Release|x86
	EndGlobalSection
	GlobalSection(SolutionProperties) = preSolution
		HideSolutionNode = FALSE
	EndGlobalSection
	GlobalSection(ProjectConfigurationPlatforms) = postSolution
		{254B5F1F-5E8B-4C77-8FAE-796526B07CD9}.Debug|Any CPU.ActiveCfg = Debug|Any CPU
		{254B5F1F-5E8B-4C77-8FAE-796526B07CD9}.Debug|Any CPU.Build.0 = Debug|Any CPU
		{254B5F1F-5E8B-4C77-8FAE-796526B07CD9}.Debug|x64.ActiveCfg = Debug|x64
		{254B5F1F-5E8B-4C77-8FAE-796526B07CD9}.Debug|x64.Build.0 = Debug|x64
		{254B5F1F-5E8B-4C77-8FAE-796526B07CD9}.Debug|x86.ActiveCfg = Debug|x86
		{254B5F1F-5E8B-4C77-8FAE-796526B07CD9}.Debug|x86.Build.0 = Debug|x86
		{254B5F1F-5E8B-4C77-8FAE-796526B07CD9}.Release|Any CPU.ActiveCfg = Release|Any CPU
		{254B5F1F-5E8B-4C77-8FAE-796526B07CD9}.Release|Any CPU.Build.0 = Release|Any CPU
		{254B5F1F-5E8B-4C77-8FAE-796526B07CD9}.Release|x64.ActiveCfg = Release|x64
		{254B5F1F-5E8B-4C77-8FAE-796526B07CD9}.Release|x64.Build.0 = Release|x64
		{254B5F1F-5E8B-4C77-8FAE-796526B07CD9}.Release|x86.ActiveCfg = Release|x86
		{254B5F1F-5E8B-4C77-8FAE-796526B07CD9}.Release|x86.Build.0 = Release|x86
		{B2A04458-C24A-4F27-A123-A68629CF0B12}.Debug|Any CPU.ActiveCfg = Debug|Any CPU
		{B2A04458-C24A-4F27-A123-A68629CF0B12}.Debug|Any CPU.Build.0 = Debug|Any CPU
		{B2A04458-C24A-4F27-A123-A68629CF0B12}.Debug|x64.ActiveCfg = Debug|Any CPU
		{B2A04458-C24A-4F27-A123-A68629CF0B12}.Debug|x64.Build.0 = Debug|Any CPU
		{B2A04458-C24A-4F27-A123-A68629CF0B12}.Debug|x86.ActiveCfg = Debug|Any CPU
		{B2A04458-C24A-4F27-A123-A68629CF0B12}.Debug|x86.Build.0 = Debug|Any CPU
		{B2A04458-C24A-4F27-A123-A68629CF0B12}.Release|Any CPU.ActiveCfg = Release|Any CPU
		{B2A04458-C24A-4F27-A123-A68629CF0B12}.Release|Any CPU.Build.0 = Release|Any CPU
		{B2A04458-C24A-4F27-A123-A68629CF0B12}.Release|x64.ActiveCfg = Release|Any CPU
		{B2A04458-C24A-4F27-A123-A68629CF0B12}.Release|x64.Build.0 = Release|Any CPU
		{B2A04458-C24A-4F27-A123-A68629CF0B12}.Release|x86.ActiveCfg = Release|Any CPU
		{B2A04458-C24A-4F27-A123-A68629CF0B12}.Release|x86.Build.0 = Release|Any CPU
		{4B26510B-A831-43D1-A915-5D1F36D6F522}.Debug|Any CPU.ActiveCfg = Debug|Any CPU
		{4B26510B-A831-43D1-A915-5D1F36D6F522}.Debug|Any CPU.Build.0 = Debug|Any CPU
		{4B26510B-A831-43D1-A915-5D1F36D6F522}.Debug|x64.ActiveCfg = Debug|Any CPU
		{4B26510B-A831-43D1-A915-5D1F36D6F522}.Debug|x64.Build.0 = Debug|Any CPU
		{4B26510B-A831-43D1-A915-5D1F36D6F522}.Debug|x86.ActiveCfg = Debug|Any CPU
		{4B26510B-A831-43D1-A915-5D1F36D6F522}.Debug|x86.Build.0 = Debug|Any CPU
		{4B26510B-A831-43D1-A915-5D1F36D6F522}.Release|Any CPU.ActiveCfg = Release|Any CPU
		{4B26510B-A831-43D1-A915-5D1F36D6F522}.Release|Any CPU.Build.0 = Release|Any CPU
		{4B26510B-A831-43D1-A915-5D1F36D6F522}.Release|x64.ActiveCfg = Release|Any CPU
		{4B26510B-A831-43D1-A915-5D1F36D6F522}.Release|x64.Build.0 = Release|Any CPU
		{4B26510B-A831-43D1-A915-5D1F36D6F522}.Release|x86.ActiveCfg = Release|Any CPU
		{4B26510B-A831-43D1-A915-5D1F36D6F522}.Release|x86.Build.0 = Release|Any CPU
		{5202A495-EFE7-4642-9848-37E8BB4A56B8}.Debug|Any CPU.ActiveCfg = Debug|Any CPU
		{5202A495-EFE7-4642-9848-37E8BB4A56B8}.Debug|Any CPU.Build.0 = Debug|Any CPU
		{5202A495-EFE7-4642-9848-37E8BB4A56B8}.Debug|x64.ActiveCfg = Debug|Any CPU
		{5202A495-EFE7-4642-9848-37E8BB4A56B8}.Debug|x64.Build.0 = Debug|Any CPU
		{5202A495-EFE7-4642-9848-37E8BB4A56B8}.Debug|x86.ActiveCfg = Debug|Any CPU
		{5202A495-EFE7-4642-9848-37E8BB4A56B8}.Debug|x86.Build.0 = Debug|Any CPU
		{5202A495-EFE7-4642-9848-37E8BB4A56B8}.Release|Any CPU.ActiveCfg = Release|Any CPU
		{5202A495-EFE7-4642-9848-37E8BB4A56B8}.Release|Any CPU.Build.0 = Release|Any CPU
		{5202A495-EFE7-4642-9848-37E8BB4A56B8}.Release|x64.ActiveCfg = Release|Any CPU
		{5202A495-EFE7-4642-9848-37E8BB4A56B8}.Release|x64.Build.0 = Release|Any CPU
		{5202A495-EFE7-4642-9848-37E8BB4A56B8}.Release|x86.ActiveCfg = Release|Any CPU
		{5202A495-EFE7-4642-9848-37E8BB4A56B8}.Release|x86.Build.0 = Release|Any CPU
		{D0B5DDAC-3093-4CEB-867E-CF095C81BFD4}.Debug|Any CPU.ActiveCfg = Debug|Any CPU
		{D0B5DDAC-3093-4CEB-867E-CF095C81BFD4}.Debug|Any CPU.Build.0 = Debug|Any CPU
		{D0B5DDAC-3093-4CEB-867E-CF095C81BFD4}.Debug|x64.ActiveCfg = Debug|Any CPU
		{D0B5DDAC-3093-4CEB-867E-CF095C81BFD4}.Debug|x64.Build.0 = Debug|Any CPU
		{D0B5DDAC-3093-4CEB-867E-CF095C81BFD4}.Debug|x86.ActiveCfg = Debug|Any CPU
		{D0B5DDAC-3093-4CEB-867E-CF095C81BFD4}.Debug|x86.Build.0 = Debug|Any CPU
		{D0B5DDAC-3093-4CEB-867E-CF095C81BFD4}.Release|Any CPU.ActiveCfg = Release|Any CPU
		{D0B5DDAC-3093-4CEB-867E-CF095C81BFD4}.Release|Any CPU.Build.0 = Release|Any CPU
		{D0B5DDAC-3093-4CEB-867E-CF095C81BFD4}.Release|x64.ActiveCfg = Release|Any CPU
		{D0B5DDAC-3093-4CEB-867E-CF095C81BFD4}.Release|x64.Build.0 = Release|Any CPU
		{D0B5DDAC-3093-4CEB-867E-CF095C81BFD4}.Release|x86.ActiveCfg = Release|Any CPU
		{D0B5DDAC-3093-4CEB-867E-CF095C81BFD4}.Release|x86.Build.0 = Release|Any CPU
		{EA50339B-A895-4AF1-B75A-5D9435D7171D}.Debug|Any CPU.ActiveCfg = Debug|Any CPU
		{EA50339B-A895-4AF1-B75A-5D9435D7171D}.Debug|Any CPU.Build.0 = Debug|Any CPU
		{EA50339B-A895-4AF1-B75A-5D9435D7171D}.Debug|x64.ActiveCfg = Debug|Any CPU
		{EA50339B-A895-4AF1-B75A-5D9435D7171D}.Debug|x64.Build.0 = Debug|Any CPU
		{EA50339B-A895-4AF1-B75A-5D9435D7171D}.Debug|x86.ActiveCfg = Debug|Any CPU
		{EA50339B-A895-4AF1-B75A-5D9435D7171D}.Debug|x86.Build.0 = Debug|Any CPU
		{EA50339B-A895-4AF1-B75A-5D9435D7171D}.Release|Any CPU.ActiveCfg = Release|Any CPU
		{EA50339B-A895-4AF1-B75A-5D9435D7171D}.Release|Any CPU.Build.0 = Release|Any CPU
		{EA50339B-A895-4AF1-B75A-5D9435D7171D}.Release|x64.ActiveCfg = Release|Any CPU
		{EA50339B-A895-4AF1-B75A-5D9435D7171D}.Release|x64.Build.0 = Release|Any CPU
		{EA50339B-A895-4AF1-B75A-5D9435D7171D}.Release|x86.ActiveCfg = Release|Any CPU
		{EA50339B-A895-4AF1-B75A-5D9435D7171D}.Release|x86.Build.0 = Release|Any CPU
		{45E81B62-8910-4237-A6C0-84EE3DD5C950}.Debug|Any CPU.ActiveCfg = Debug|Any CPU
		{45E81B62-8910-4237-A6C0-84EE3DD5C950}.Debug|Any CPU.Build.0 = Debug|Any CPU
		{45E81B62-8910-4237-A6C0-84EE3DD5C950}.Debug|x64.ActiveCfg = Debug|Any CPU
		{45E81B62-8910-4237-A6C0-84EE3DD5C950}.Debug|x64.Build.0 = Debug|Any CPU
		{45E81B62-8910-4237-A6C0-84EE3DD5C950}.Debug|x86.ActiveCfg = Debug|Any CPU
		{45E81B62-8910-4237-A6C0-84EE3DD5C950}.Debug|x86.Build.0 = Debug|Any CPU
		{45E81B62-8910-4237-A6C0-84EE3DD5C950}.Release|Any CPU.ActiveCfg = Release|Any CPU
		{45E81B62-8910-4237-A6C0-84EE3DD5C950}.Release|Any CPU.Build.0 = Release|Any CPU
		{45E81B62-8910-4237-A6C0-84EE3DD5C950}.Release|x64.ActiveCfg = Release|Any CPU
		{45E81B62-8910-4237-A6C0-84EE3DD5C950}.Release|x64.Build.0 = Release|Any CPU
		{45E81B62-8910-4237-A6C0-84EE3DD5C950}.Release|x86.ActiveCfg = Release|Any CPU
		{45E81B62-8910-4237-A6C0-84EE3DD5C950}.Release|x86.Build.0 = Release|Any CPU
		{2222FFD2-941B-4279-9EE4-527BAF88DA73}.Debug|Any CPU.ActiveCfg = Debug|Any CPU
		{2222FFD2-941B-4279-9EE4-527BAF88DA73}.Debug|Any CPU.Build.0 = Debug|Any CPU
		{2222FFD2-941B-4279-9EE4-527BAF88DA73}.Debug|x64.ActiveCfg = Debug|Any CPU
		{2222FFD2-941B-4279-9EE4-527BAF88DA73}.Debug|x64.Build.0 = Debug|Any CPU
		{2222FFD2-941B-4279-9EE4-527BAF88DA73}.Debug|x86.ActiveCfg = Debug|Any CPU
		{2222FFD2-941B-4279-9EE4-527BAF88DA73}.Debug|x86.Build.0 = Debug|Any CPU
		{2222FFD2-941B-4279-9EE4-527BAF88DA73}.Release|Any CPU.ActiveCfg = Release|Any CPU
		{2222FFD2-941B-4279-9EE4-527BAF88DA73}.Release|Any CPU.Build.0 = Release|Any CPU
		{2222FFD2-941B-4279-9EE4-527BAF88DA73}.Release|x64.ActiveCfg = Release|Any CPU
		{2222FFD2-941B-4279-9EE4-527BAF88DA73}.Release|x64.Build.0 = Release|Any CPU
		{2222FFD2-941B-4279-9EE4-527BAF88DA73}.Release|x86.ActiveCfg = Release|Any CPU
		{2222FFD2-941B-4279-9EE4-527BAF88DA73}.Release|x86.Build.0 = Release|Any CPU
		{B1B1CA21-21B1-4858-A334-46B727D842C0}.Debug|Any CPU.ActiveCfg = Debug|Any CPU
		{B1B1CA21-21B1-4858-A334-46B727D842C0}.Debug|Any CPU.Build.0 = Debug|Any CPU
		{B1B1CA21-21B1-4858-A334-46B727D842C0}.Debug|x64.ActiveCfg = Debug|Any CPU
		{B1B1CA21-21B1-4858-A334-46B727D842C0}.Debug|x64.Build.0 = Debug|Any CPU
		{B1B1CA21-21B1-4858-A334-46B727D842C0}.Debug|x86.ActiveCfg = Debug|Any CPU
		{B1B1CA21-21B1-4858-A334-46B727D842C0}.Debug|x86.Build.0 = Debug|Any CPU
		{B1B1CA21-21B1-4858-A334-46B727D842C0}.Release|Any CPU.ActiveCfg = Release|Any CPU
		{B1B1CA21-21B1-4858-A334-46B727D842C0}.Release|Any CPU.Build.0 = Release|Any CPU
		{B1B1CA21-21B1-4858-A334-46B727D842C0}.Release|x64.ActiveCfg = Release|Any CPU
		{B1B1CA21-21B1-4858-A334-46B727D842C0}.Release|x64.Build.0 = Release|Any CPU
		{B1B1CA21-21B1-4858-A334-46B727D842C0}.Release|x86.ActiveCfg = Release|Any CPU
		{B1B1CA21-21B1-4858-A334-46B727D842C0}.Release|x86.Build.0 = Release|Any CPU
		{40AF12B1-50A9-4BDF-9F60-0985FF5F3457}.Debug|Any CPU.ActiveCfg = Debug|Any CPU
		{40AF12B1-50A9-4BDF-9F60-0985FF5F3457}.Debug|Any CPU.Build.0 = Debug|Any CPU
		{40AF12B1-50A9-4BDF-9F60-0985FF5F3457}.Debug|x64.ActiveCfg = Debug|Any CPU
		{40AF12B1-50A9-4BDF-9F60-0985FF5F3457}.Debug|x64.Build.0 = Debug|Any CPU
		{40AF12B1-50A9-4BDF-9F60-0985FF5F3457}.Debug|x86.ActiveCfg = Debug|Any CPU
		{40AF12B1-50A9-4BDF-9F60-0985FF5F3457}.Debug|x86.Build.0 = Debug|Any CPU
		{40AF12B1-50A9-4BDF-9F60-0985FF5F3457}.Release|Any CPU.ActiveCfg = Release|Any CPU
		{40AF12B1-50A9-4BDF-9F60-0985FF5F3457}.Release|Any CPU.Build.0 = Release|Any CPU
		{40AF12B1-50A9-4BDF-9F60-0985FF5F3457}.Release|x64.ActiveCfg = Release|Any CPU
		{40AF12B1-50A9-4BDF-9F60-0985FF5F3457}.Release|x64.Build.0 = Release|Any CPU
		{40AF12B1-50A9-4BDF-9F60-0985FF5F3457}.Release|x86.ActiveCfg = Release|Any CPU
		{40AF12B1-50A9-4BDF-9F60-0985FF5F3457}.Release|x86.Build.0 = Release|Any CPU
		{409A4B4F-C264-4190-B42F-136573A03721}.Debug|Any CPU.ActiveCfg = Debug|Any CPU
		{409A4B4F-C264-4190-B42F-136573A03721}.Debug|Any CPU.Build.0 = Debug|Any CPU
		{409A4B4F-C264-4190-B42F-136573A03721}.Debug|x64.ActiveCfg = Debug|Any CPU
		{409A4B4F-C264-4190-B42F-136573A03721}.Debug|x64.Build.0 = Debug|Any CPU
		{409A4B4F-C264-4190-B42F-136573A03721}.Debug|x86.ActiveCfg = Debug|Any CPU
		{409A4B4F-C264-4190-B42F-136573A03721}.Debug|x86.Build.0 = Debug|Any CPU
		{409A4B4F-C264-4190-B42F-136573A03721}.Release|Any CPU.ActiveCfg = Release|Any CPU
		{409A4B4F-C264-4190-B42F-136573A03721}.Release|Any CPU.Build.0 = Release|Any CPU
		{409A4B4F-C264-4190-B42F-136573A03721}.Release|x64.ActiveCfg = Release|Any CPU
		{409A4B4F-C264-4190-B42F-136573A03721}.Release|x64.Build.0 = Release|Any CPU
		{409A4B4F-C264-4190-B42F-136573A03721}.Release|x86.ActiveCfg = Release|Any CPU
		{409A4B4F-C264-4190-B42F-136573A03721}.Release|x86.Build.0 = Release|Any CPU
		{11BA0282-C2E0-43B4-928C-553AA3157D69}.Debug|Any CPU.ActiveCfg = Debug|Any CPU
		{11BA0282-C2E0-43B4-928C-553AA3157D69}.Debug|Any CPU.Build.0 = Debug|Any CPU
		{11BA0282-C2E0-43B4-928C-553AA3157D69}.Debug|x64.ActiveCfg = Debug|Any CPU
		{11BA0282-C2E0-43B4-928C-553AA3157D69}.Debug|x64.Build.0 = Debug|Any CPU
		{11BA0282-C2E0-43B4-928C-553AA3157D69}.Debug|x86.ActiveCfg = Debug|Any CPU
		{11BA0282-C2E0-43B4-928C-553AA3157D69}.Debug|x86.Build.0 = Debug|Any CPU
		{11BA0282-C2E0-43B4-928C-553AA3157D69}.Release|Any CPU.ActiveCfg = Release|Any CPU
		{11BA0282-C2E0-43B4-928C-553AA3157D69}.Release|Any CPU.Build.0 = Release|Any CPU
		{11BA0282-C2E0-43B4-928C-553AA3157D69}.Release|x64.ActiveCfg = Release|Any CPU
		{11BA0282-C2E0-43B4-928C-553AA3157D69}.Release|x64.Build.0 = Release|Any CPU
		{11BA0282-C2E0-43B4-928C-553AA3157D69}.Release|x86.ActiveCfg = Release|Any CPU
		{11BA0282-C2E0-43B4-928C-553AA3157D69}.Release|x86.Build.0 = Release|Any CPU
	EndGlobalSection
	GlobalSection(NestedProjects) = preSolution
		{B2A04458-C24A-4F27-A123-A68629CF0B12} = {FCDBED91-2C54-4776-88A7-16C90CE71C27}
		{EA50339B-A895-4AF1-B75A-5D9435D7171D} = {FCDBED91-2C54-4776-88A7-16C90CE71C27}
		{2222FFD2-941B-4279-9EE4-527BAF88DA73} = {FCDBED91-2C54-4776-88A7-16C90CE71C27}
		{40AF12B1-50A9-4BDF-9F60-0985FF5F3457} = {FCDBED91-2C54-4776-88A7-16C90CE71C27}
		{11BA0282-C2E0-43B4-928C-553AA3157D69} = {FCDBED91-2C54-4776-88A7-16C90CE71C27}
	EndGlobalSection
EndGlobal
